
Microsoft Visual Studio Solution File, Format Version 12.00
# Visual Studio Version 17
VisualStudioVersion = 17.0.31903.59
MinimumVisualStudioVersion = 10.0.40219.1
Project("{FAE04EC0-301F-11D3-BF4B-00C04F79EFBC}") = "GameEngine", "GameEngine\GameEngine.csproj", "{B75279E4-79FA-41B1-B1DD-02E1A0BCC5D5}"
EndProject
Project("{FAE04EC0-301F-11D3-BF4B-00C04F79EFBC}") = "OpenGLGraphics", "OpenGLGraphics\OpenGLGraphics.csproj", "{980790F7-E39B-4B22-93D1-F05E24F331F2}"
EndProject
Project("{FAE04EC0-301F-11D3-BF4B-00C04F79EFBC}") = "PhysicsEngine", "PhysicsEngine\PhysicsEngine.csproj", "{32866FD7-7227-4AEB-8789-97505BF6E835}"
EndProject
Project("{FAE04EC0-301F-11D3-BF4B-00C04F79EFBC}") = "Test.PhysicsEngine", "Test.PhysicsEngine\Test.PhysicsEngine.csproj", "{46EF34BF-D9E7-4AED-BE7C-7BE8A85D3B74}"
EndProject
Global
	GlobalSection(SolutionConfigurationPlatforms) = preSolution
		Debug|Any CPU = Debug|Any CPU
		Release|Any CPU = Release|Any CPU
	EndGlobalSection
	GlobalSection(SolutionProperties) = preSolution
		HideSolutionNode = FALSE
	EndGlobalSection
	GlobalSection(ProjectConfigurationPlatforms) = postSolution
		{B75279E4-79FA-41B1-B1DD-02E1A0BCC5D5}.Debug|Any CPU.ActiveCfg = Debug|Any CPU
		{B75279E4-79FA-41B1-B1DD-02E1A0BCC5D5}.Debug|Any CPU.Build.0 = Debug|Any CPU
		{B75279E4-79FA-41B1-B1DD-02E1A0BCC5D5}.Release|Any CPU.ActiveCfg = Release|Any CPU
		{B75279E4-79FA-41B1-B1DD-02E1A0BCC5D5}.Release|Any CPU.Build.0 = Release|Any CPU
		{980790F7-E39B-4B22-93D1-F05E24F331F2}.Debug|Any CPU.ActiveCfg = Debug|Any CPU
		{980790F7-E39B-4B22-93D1-F05E24F331F2}.Debug|Any CPU.Build.0 = Debug|Any CPU
		{980790F7-E39B-4B22-93D1-F05E24F331F2}.Release|Any CPU.ActiveCfg = Release|Any CPU
		{980790F7-E39B-4B22-93D1-F05E24F331F2}.Release|Any CPU.Build.0 = Release|Any CPU
		{32866FD7-7227-4AEB-8789-97505BF6E835}.Debug|Any CPU.ActiveCfg = Debug|Any CPU
		{32866FD7-7227-4AEB-8789-97505BF6E835}.Debug|Any CPU.Build.0 = Debug|Any CPU
		{32866FD7-7227-4AEB-8789-97505BF6E835}.Release|Any CPU.ActiveCfg = Release|Any CPU
		{32866FD7-7227-4AEB-8789-97505BF6E835}.Release|Any CPU.Build.0 = Release|Any CPU
		{46EF34BF-D9E7-4AED-BE7C-7BE8A85D3B74}.Debug|Any CPU.ActiveCfg = Debug|Any CPU
		{46EF34BF-D9E7-4AED-BE7C-7BE8A85D3B74}.Debug|Any CPU.Build.0 = Debug|Any CPU
		{46EF34BF-D9E7-4AED-BE7C-7BE8A85D3B74}.Release|Any CPU.ActiveCfg = Release|Any CPU
		{46EF34BF-D9E7-4AED-BE7C-7BE8A85D3B74}.Release|Any CPU.Build.0 = Release|Any CPU
	EndGlobalSection
EndGlobal
